{
    "_readme": [
        "This file locks the dependencies of your project to a known state",
        "Read more about it at https://getcomposer.org/doc/01-basic-usage.md#installing-dependencies",
        "This file is @generated automatically"
    ],
    "content-hash": "1b8362d595707dd72f9838d79835faf7",
    "packages": [
        {
            "name": "php-etl/action-contracts",
            "version": "v0.1.0",
            "source": {
                "type": "git",
                "url": "https://github.com/php-etl/action-contracts.git",
                "reference": "42b3f800ab4898e06249b73afad852160d225884"
            },
            "dist": {
                "type": "zip",
                "url": "https://api.github.com/repos/php-etl/action-contracts/zipball/42b3f800ab4898e06249b73afad852160d225884",
                "reference": "42b3f800ab4898e06249b73afad852160d225884",
                "shasum": ""
            },
            "require": {
                "php": "^8.2",
                "php-etl/bucket-contracts": "0.2.*"
            },
            "require-dev": {
                "rector/rector": "^0.15.0"
            },
            "type": "library",
            "extra": {
                "branch-alias": {
                    "dev-main": "0.1.x-dev"
                }
            },
            "autoload": {
                "psr-4": {
                    "Kiboko\\Contract\\Action\\": "src/"
                }
            },
            "notification-url": "https://packagist.org/downloads/",
            "license": [
                "MIT"
            ],
            "authors": [
                {
                    "name": "Kiboko SAS",
                    "homepage": "http://kiboko.fr"
                },
                {
                    "name": "Grégory Planchat",
                    "email": "gregory@kiboko.fr"
                }
            ],
            "description": "This library describes contracts for the Action pattern.",
            "support": {
                "issues": "https://github.com/php-etl/action-contracts/issues",
                "source": "https://github.com/php-etl/action-contracts/tree/v0.1.0"
            },
            "time": "2023-04-18T15:03:09+00:00"
        },
        {
            "name": "php-etl/bucket-contracts",
            "version": "v0.2.0",
            "source": {
                "type": "git",
                "url": "https://github.com/php-etl/bucket-contracts.git",
                "reference": "e96726f9b89dea7308482fa6c2ce4db0757960ce"
            },
            "dist": {
                "type": "zip",
                "url": "https://api.github.com/repos/php-etl/bucket-contracts/zipball/e96726f9b89dea7308482fa6c2ce4db0757960ce",
                "reference": "e96726f9b89dea7308482fa6c2ce4db0757960ce",
                "shasum": ""
            },
            "require": {
                "php": "^8.2"
            },
            "require-dev": {
                "friendsofphp/php-cs-fixer": "^3.0",
                "phpstan/phpstan": "^1.10",
                "rector/rector": "^0.15"
            },
            "type": "library",
            "extra": {
                "branch-alias": {
                    "dev-main": "0.2.x-dev"
                }
            },
            "autoload": {
                "psr-4": {
                    "Kiboko\\Contract\\Bucket\\": "src/"
                }
            },
            "notification-url": "https://packagist.org/downloads/",
            "license": [
                "MIT"
            ],
            "authors": [
                {
                    "name": "Kiboko SAS",
                    "homepage": "http://kiboko.fr"
                },
                {
                    "name": "Grégory Planchatn rules",
                    "email": "gregory@kiboko.fr"
                }
            ],
            "description": "This library describes contracts for the data-interchange buckets.",
            "support": {
                "issues": "https://github.com/php-etl/bucket-contracts/issues",
                "source": "https://github.com/php-etl/bucket-contracts/tree/v0.2.0"
            },
            "time": "2023-04-03T12:42:10+00:00"
        },
        {
            "name": "psr/log",
            "version": "3.0.2",
            "source": {
                "type": "git",
                "url": "https://github.com/php-fig/log.git",
                "reference": "f16e1d5863e37f8d8c2a01719f5b34baa2b714d3"
            },
            "dist": {
                "type": "zip",
                "url": "https://api.github.com/repos/php-fig/log/zipball/f16e1d5863e37f8d8c2a01719f5b34baa2b714d3",
                "reference": "f16e1d5863e37f8d8c2a01719f5b34baa2b714d3",
                "shasum": ""
            },
            "require": {
                "php": ">=8.0.0"
            },
            "type": "library",
            "extra": {
                "branch-alias": {
                    "dev-master": "3.x-dev"
                }
            },
            "autoload": {
                "psr-4": {
                    "Psr\\Log\\": "src"
                }
            },
            "notification-url": "https://packagist.org/downloads/",
            "license": [
                "MIT"
            ],
            "authors": [
                {
                    "name": "PHP-FIG",
                    "homepage": "https://www.php-fig.org/"
                }
            ],
            "description": "Common interface for logging libraries",
            "homepage": "https://github.com/php-fig/log",
            "keywords": [
                "log",
                "psr",
                "psr-3"
            ],
            "support": {
                "source": "https://github.com/php-fig/log/tree/3.0.2"
            },
            "time": "2024-09-11T13:17:53+00:00"
        }
    ],
    "packages-dev": [
        {
            "name": "phpstan/phpstan",
            "version": "2.1.40",
            "dist": {
                "type": "zip",
                "url": "https://api.github.com/repos/phpstan/phpstan/zipball/9b2c7aeb83a75d8680ea5e7c9b7fca88052b766b",
                "reference": "9b2c7aeb83a75d8680ea5e7c9b7fca88052b766b",
                "shasum": ""
            },
            "require": {
                "php": "^7.4|^8.0"
            },
            "conflict": {
                "phpstan/phpstan-shim": "*"
            },
            "bin": [
                "phpstan",
                "phpstan.phar"
            ],
            "type": "library",
            "autoload": {
                "files": [
                    "bootstrap.php"
                ]
            },
            "notification-url": "https://packagist.org/downloads/",
            "license": [
                "MIT"
            ],
            "description": "PHPStan - PHP Static Analysis Tool",
            "keywords": [
                "dev",
                "static analysis"
            ],
            "support": {
                "docs": "https://phpstan.org/user-guide/getting-started",
                "forum": "https://github.com/phpstan/phpstan/discussions",
                "issues": "https://github.com/phpstan/phpstan/issues",
                "security": "https://github.com/phpstan/phpstan/security/policy",
                "source": "https://github.com/phpstan/phpstan-src"
            },
            "funding": [
                {
                    "url": "https://github.com/ondrejmirtes",
                    "type": "github"
                },
                {
                    "url": "https://github.com/phpstan",
                    "type": "github"
                }
            ],
            "time": "2026-02-23T15:04:35+00:00"
        },
        {
            "name": "rector/rector",
            "version": "2.3.8",
            "source": {
                "type": "git",
                "url": "https://github.com/rectorphp/rector.git",
                "reference": "bbd37aedd8df749916cffa2a947cfc4714d1ba2c"
            },
            "dist": {
                "type": "zip",
                "url": "https://api.github.com/repos/rectorphp/rector/zipball/bbd37aedd8df749916cffa2a947cfc4714d1ba2c",
                "reference": "bbd37aedd8df749916cffa2a947cfc4714d1ba2c",
                "shasum": ""
            },
            "require": {
                "php": "^7.4|^8.0",
                "phpstan/phpstan": "^2.1.38"
            },
            "conflict": {
                "rector/rector-doctrine": "*",
                "rector/rector-downgrade-php": "*",
                "rector/rector-phpunit": "*",
                "rector/rector-symfony": "*"
            },
            "suggest": {
                "ext-dom": "To manipulate phpunit.xml via the custom-rule command"
            },
            "bin": [
                "bin/rector"
            ],
            "type": "library",
            "autoload": {
                "files": [
                    "bootstrap.php"
                ]
            },
            "notification-url": "https://packagist.org/downloads/",
            "license": [
                "MIT"
            ],
            "description": "Instant Upgrade and Automated Refactoring of any PHP code",
            "homepage": "https://getrector.com/",
            "keywords": [
                "automation",
                "dev",
                "migration",
                "refactoring"
            ],
            "support": {
                "issues": "https://github.com/rectorphp/rector/issues",
                "source": "https://github.com/rectorphp/rector/tree/2.3.8"
            },
            "funding": [
                {
                    "url": "https://github.com/tomasvotruba",
                    "type": "github"
                }
            ],
            "time": "2026-02-22T09:45:50+00:00"
        }
    ],
    "aliases": [],
    "minimum-stability": "dev",
    "stability-flags": {},
    "prefer-stable": true,
    "prefer-lowest": false,
    "platform": {
        "php": "^8.4"
    },
    "platform-dev": {},
    "plugin-api-version": "2.9.0"
}
